
Microsoft Visual Studio Solution File, Format Version 12.00
# Visual Studio Version 17
VisualStudioVersion = 17.8.34330.188
MinimumVisualStudioVersion = 10.0.40219.1
Project("{FAE04EC0-301F-11D3-BF4B-00C04F79EFBC}") = "Talabat.APIS", "Talabat.APIS\Talabat.APIS.csproj", "{2EF871B5-544D-4594-9EBC-D1B526EDF691}"
EndProject
Project("{FAE04EC0-301F-11D3-BF4B-00C04F79EFBC}") = "Talabat.Core", "Talabat.Core\Talabat.Core.csproj", "{73E3DAD5-97EE-4B86-884D-939334A6CF33}"
EndProject
Project("{FAE04EC0-301F-11D3-BF4B-00C04F79EFBC}") = "Talabat.Repository", "Talabat.Repository\Talabat.Repository.csproj", "{F5DBC5DC-56F9-4F0C-8248-333F7559E086}"
EndProject
Project("{FAE04EC0-301F-11D3-BF4B-00C04F79EFBC}") = "Talabat.Service", "Talabat.Service\Talabat.Service.csproj", "{0F47CF83-3CFB-4BFC-829F-EB74F30DF96D}"
EndProject
Global
	GlobalSection(SolutionConfigurationPlatforms) = preSolution
		Debug|Any CPU = Debug|Any CPU
		Release|Any CPU = Release|Any CPU
	EndGlobalSection
	GlobalSection(ProjectConfigurationPlatforms) = postSolution
		{2EF871B5-544D-4594-9EBC-D1B526EDF691}.Debug|Any CPU.ActiveCfg = Debug|Any CPU
		{2EF871B5-544D-4594-9EBC-D1B526EDF691}.Debug|Any CPU.Build.0 = Debug|Any CPU
		{2EF871B5-544D-4594-9EBC-D1B526EDF691}.Release|Any CPU.ActiveCfg = Release|Any CPU
		{2EF871B5-544D-4594-9EBC-D1B526EDF691}.Release|Any CPU.Build.0 = Release|Any CPU
		{73E3DAD5-97EE-4B86-884D-939334A6CF33}.Debug|Any CPU.ActiveCfg = Debug|Any CPU
		{73E3DAD5-97EE-4B86-884D-939334A6CF33}.Debug|Any CPU.Build.0 = Debug|Any CPU
		{73E3DAD5-97EE-4B86-884D-939334A6CF33}.Release|Any CPU.ActiveCfg = Release|Any CPU
		{73E3DAD5-97EE-4B86-884D-939334A6CF33}.Release|Any CPU.Build.0 = Release|Any CPU
		{F5DBC5DC-56F9-4F0C-8248-333F7559E086}.Debug|Any CPU.ActiveCfg = Debug|Any CPU
		{F5DBC5DC-56F9-4F0C-8248-333F7559E086}.Debug|Any CPU.Build.0 = Debug|Any CPU
		{F5DBC5DC-56F9-4F0C-8248-333F7559E086}.Release|Any CPU.ActiveCfg = Release|Any CPU
		{F5DBC5DC-56F9-4F0C-8248-333F7559E086}.Release|Any CPU.Build.0 = Release|Any CPU
		{0F47CF83-3CFB-4BFC-829F-EB74F30DF96D}.Debug|Any CPU.ActiveCfg = Debug|Any CPU
		{0F47CF83-3CFB-4BFC-829F-EB74F30DF96D}.Debug|Any CPU.Build.0 = Debug|Any CPU
		{0F47CF83-3CFB-4BFC-829F-EB74F30DF96D}.Release|Any CPU.ActiveCfg = Release|Any CPU
		{0F47CF83-3CFB-4BFC-829F-EB74F30DF96D}.Release|Any CPU.Build.0 = Release|Any CPU
	EndGlobalSection
	GlobalSection(SolutionProperties) = preSolution
		HideSolutionNode = FALSE
	EndGlobalSection
	GlobalSection(ExtensibilityGlobals) = postSolution
		SolutionGuid = {CE9EAB3B-4DB7-43EA-BEC3-CABC3D4F0213}
	EndGlobalSection
EndGlobal
